
Microsoft Visual Studio Solution File, Format Version 12.00
# Visual Studio Version 17
VisualStudioVersion = 17.8.34330.188
MinimumVisualStudioVersion = 10.0.40219.1
Project("{9A19103F-16F7-4668-BE54-9A1E7A4F7556}") = "JwtApp.Back", "JwtApp.Back\JwtApp.Back.csproj", "{A7DFE674-B618-45C5-B0E9-CDEE70CDBCC0}"
EndProject
Project("{9A19103F-16F7-4668-BE54-9A1E7A4F7556}") = "JwtApp.Front", "JwtApp.Front\JwtApp.Front.csproj", "{77DEA256-0B29-4990-9736-D284388E3B87}"
EndProject
Project("{2150E333-8FDC-42A3-9474-1A3956D46DE8}") = "Core", "Core", "{74D9891F-F96F-4C48-8173-B6CADE65DD7F}"
EndProject
Project("{2150E333-8FDC-42A3-9474-1A3956D46DE8}") = "Presentation", "Presentation", "{552B4A81-EEBD-4A0B-905A-3D663B50F816}"
EndProject
Project("{2150E333-8FDC-42A3-9474-1A3956D46DE8}") = "Infrastructure", "Infrastructure", "{4F149E8B-2F04-4BC3-A80E-1959BD028217}"
EndProject
Project("{2150E333-8FDC-42A3-9474-1A3956D46DE8}") = "Onion", "Onion", "{E4F53C83-C867-4AAB-B068-85B7937E31D2}"
EndProject
Project("{9A19103F-16F7-4668-BE54-9A1E7A4F7556}") = "Onion.JwtApp.Domain", "Onion\Core\Onion.JwtApp.Domain\Onion.JwtApp.Domain.csproj", "{C4699989-7EA9-4C4F-9DCE-F9C715045F5B}"
EndProject
Project("{9A19103F-16F7-4668-BE54-9A1E7A4F7556}") = "Onion.JwtApp.Application", "Onion\Core\Onion.JwtApp.Application\Onion.JwtApp.Application.csproj", "{8642E9AE-A65E-4FB0-AA24-D78CE3F48EFB}"
EndProject
Project("{9A19103F-16F7-4668-BE54-9A1E7A4F7556}") = "Onion.JwtApp.Persistence", "Onion\Persistence\Onion.JwtApp.Persistence\Onion.JwtApp.Persistence.csproj", "{68BFFEAD-FD3C-4B66-A718-095ED2501492}"
EndProject
Project("{FAE04EC0-301F-11D3-BF4B-00C04F79EFBC}") = "Onion.JwtApp.API", "Onion\Presentation\Onion.JwtApp.API\Onion.JwtApp.API.csproj", "{F9022693-E7A4-4581-8EF0-B189A8D0E170}"
EndProject
Global
	GlobalSection(SolutionConfigurationPlatforms) = preSolution
		Debug|Any CPU = Debug|Any CPU
		Release|Any CPU = Release|Any CPU
	EndGlobalSection
	GlobalSection(ProjectConfigurationPlatforms) = postSolution
		{A7DFE674-B618-45C5-B0E9-CDEE70CDBCC0}.Debug|Any CPU.ActiveCfg = Debug|Any CPU
		{A7DFE674-B618-45C5-B0E9-CDEE70CDBCC0}.Debug|Any CPU.Build.0 = Debug|Any CPU
		{A7DFE674-B618-45C5-B0E9-CDEE70CDBCC0}.Release|Any CPU.ActiveCfg = Release|Any CPU
		{A7DFE674-B618-45C5-B0E9-CDEE70CDBCC0}.Release|Any CPU.Build.0 = Release|Any CPU
		{77DEA256-0B29-4990-9736-D284388E3B87}.Debug|Any CPU.ActiveCfg = Debug|Any CPU
		{77DEA256-0B29-4990-9736-D284388E3B87}.Debug|Any CPU.Build.0 = Debug|Any CPU
		{77DEA256-0B29-4990-9736-D284388E3B87}.Release|Any CPU.ActiveCfg = Release|Any CPU
		{77DEA256-0B29-4990-9736-D284388E3B87}.Release|Any CPU.Build.0 = Release|Any CPU
		{C4699989-7EA9-4C4F-9DCE-F9C715045F5B}.Debug|Any CPU.ActiveCfg = Debug|Any CPU
		{C4699989-7EA9-4C4F-9DCE-F9C715045F5B}.Debug|Any CPU.Build.0 = Debug|Any CPU
		{C4699989-7EA9-4C4F-9DCE-F9C715045F5B}.Release|Any CPU.ActiveCfg = Release|Any CPU
		{C4699989-7EA9-4C4F-9DCE-F9C715045F5B}.Release|Any CPU.Build.0 = Release|Any CPU
		{8642E9AE-A65E-4FB0-AA24-D78CE3F48EFB}.Debug|Any CPU.ActiveCfg = Debug|Any CPU
		{8642E9AE-A65E-4FB0-AA24-D78CE3F48EFB}.Debug|Any CPU.Build.0 = Debug|Any CPU
		{8642E9AE-A65E-4FB0-AA24-D78CE3F48EFB}.Release|Any CPU.ActiveCfg = Release|Any CPU
		{8642E9AE-A65E-4FB0-AA24-D78CE3F48EFB}.Release|Any CPU.Build.0 = Release|Any CPU
		{68BFFEAD-FD3C-4B66-A718-095ED2501492}.Debug|Any CPU.ActiveCfg = Debug|Any CPU
		{68BFFEAD-FD3C-4B66-A718-095ED2501492}.Debug|Any CPU.Build.0 = Debug|Any CPU
		{68BFFEAD-FD3C-4B66-A718-095ED2501492}.Release|Any CPU.ActiveCfg = Release|Any CPU
		{68BFFEAD-FD3C-4B66-A718-095ED2501492}.Release|Any CPU.Build.0 = Release|Any CPU
		{F9022693-E7A4-4581-8EF0-B189A8D0E170}.Debug|Any CPU.ActiveCfg = Debug|Any CPU
		{F9022693-E7A4-4581-8EF0-B189A8D0E170}.Debug|Any CPU.Build.0 = Debug|Any CPU
		{F9022693-E7A4-4581-8EF0-B189A8D0E170}.Release|Any CPU.ActiveCfg = Release|Any CPU
		{F9022693-E7A4-4581-8EF0-B189A8D0E170}.Release|Any CPU.Build.0 = Release|Any CPU
	EndGlobalSection
	GlobalSection(SolutionProperties) = preSolution
		HideSolutionNode = FALSE
	EndGlobalSection
	GlobalSection(NestedProjects) = preSolution
		{74D9891F-F96F-4C48-8173-B6CADE65DD7F} = {E4F53C83-C867-4AAB-B068-85B7937E31D2}
		{552B4A81-EEBD-4A0B-905A-3D663B50F816} = {E4F53C83-C867-4AAB-B068-85B7937E31D2}
		{4F149E8B-2F04-4BC3-A80E-1959BD028217} = {E4F53C83-C867-4AAB-B068-85B7937E31D2}
		{C4699989-7EA9-4C4F-9DCE-F9C715045F5B} = {74D9891F-F96F-4C48-8173-B6CADE65DD7F}
		{8642E9AE-A65E-4FB0-AA24-D78CE3F48EFB} = {74D9891F-F96F-4C48-8173-B6CADE65DD7F}
		{68BFFEAD-FD3C-4B66-A718-095ED2501492} = {4F149E8B-2F04-4BC3-A80E-1959BD028217}
		{F9022693-E7A4-4581-8EF0-B189A8D0E170} = {552B4A81-EEBD-4A0B-905A-3D663B50F816}
	EndGlobalSection
	GlobalSection(ExtensibilityGlobals) = postSolution
		SolutionGuid = {D99D9952-4F1D-4A11-A808-BD7ACE9A0601}
	EndGlobalSection
EndGlobal
